# This file was autogenerated by uv via the following command:
#    uv pip compile backend/requirements.txt --output-file uv.lock
accelerate==1.8.1
    # via -r backend/requirements.txt
aiocache==0.12.3
    # via -r backend/requirements.txt
aiofiles==24.1.0
    # via
    #   -r backend/requirements.txt
    #   unstructured-client
aiohappyeyeballs==2.6.1
    # via aiohttp
aiohttp==3.11.11
    # via
    #   -r backend/requirements.txt
    #   datasets
    #   fsspec
    #   langchain-community
aiosignal==1.4.0
    # via aiohttp
alembic==1.14.0
    # via -r backend/requirements.txt
annotated-types==0.7.0
    # via pydantic
anthropic==0.57.1
    # via -r backend/requirements.txt
anyio==4.9.0
    # via
    #   -r backend/requirements.txt
    #   anthropic
    #   google-genai
    #   httpx
    #   langfuse
    #   openai
    #   starlette
    #   watchfiles
apscheduler==3.10.4
    # via -r backend/requirements.txt
argon2-cffi==23.1.0
    # via -r backend/requirements.txt
argon2-cffi-bindings==21.2.0
    # via argon2-cffi
asgiref==3.8.1
    # via
    #   -r backend/requirements.txt
    #   opentelemetry-instrumentation-asgi
async-timeout==5.0.1
    # via -r backend/requirements.txt
attrs==25.3.0
    # via
    #   aiohttp
    #   pytest-docker
authlib==1.4.1
    # via -r backend/requirements.txt
av==15.0.0
    # via faster-whisper
azure-ai-documentintelligence==1.0.2
    # via -r backend/requirements.txt
azure-core==1.35.0
    # via
    #   azure-ai-documentintelligence
    #   azure-identity
    #   azure-storage-blob
azure-identity==1.21.0
    # via -r backend/requirements.txt
azure-storage-blob==12.24.1
    # via -r backend/requirements.txt
backoff==2.2.1
    # via
    #   langfuse
    #   posthog
    #   unstructured
bcrypt==4.3.0
    # via
    #   -r backend/requirements.txt
    #   chromadb
    #   passlib
beautifulsoup4==4.13.4
    # via
    #   extract-msg
    #   unstructured
bidict==0.23.1
    # via python-socketio
bitarray==3.5.0
    # via colbert-ai
black==25.1.0
    # via -r backend/requirements.txt
blinker==1.9.0
    # via flask
boto3==1.35.53
    # via -r backend/requirements.txt
botocore==1.35.99
    # via
    #   boto3
    #   s3transfer
brotli==1.1.0
    # via starlette-compress
build==1.2.2.post1
    # via chromadb
cachetools==5.5.2
    # via google-auth
certifi==2025.6.15
    # via
    #   elastic-transport
    #   httpcore
    #   httpx
    #   kubernetes
    #   opensearch-py
    #   pinecone
    #   requests
cffi==1.17.1
    # via
    #   argon2-cffi-bindings
    #   cryptography
    #   soundfile
chardet==5.2.0
    # via unstructured
charset-normalizer==3.4.2
    # via requests
chroma-hnswlib==0.7.6
    # via chromadb
chromadb==0.6.3
    # via -r backend/requirements.txt
click==8.2.1
    # via
    #   black
    #   duckduckgo-search
    #   flask
    #   nltk
    #   peewee-migrate
    #   python-oxmsg
    #   typer
    #   uvicorn
colbert-ai==0.2.21
    # via -r backend/requirements.txt
colorama==0.4.6
    # via
    #   build
    #   click
    #   loguru
    #   pytest
    #   tqdm
    #   uvicorn
colorclass==2.2.2
    # via oletools
coloredlogs==15.0.1
    # via onnxruntime
compressed-rtf==1.0.7
    # via extract-msg
cryptography==45.0.5
    # via
    #   authlib
    #   azure-identity
    #   azure-storage-blob
    #   msal
    #   msoffcrypto-tool
    #   pyjwt
    #   unstructured-client
ctranslate2==4.6.0
    # via faster-whisper
dataclasses-json==0.6.7
    # via
    #   langchain-community
    #   unstructured
datasets==2.14.4
    # via colbert-ai
defusedxml==0.7.1
    # via
    #   fpdf2
    #   youtube-transcript-api
deprecated==1.2.18
    # via
    #   opentelemetry-api
    #   opentelemetry-exporter-otlp-proto-grpc
    #   opentelemetry-exporter-otlp-proto-http
    #   opentelemetry-semantic-conventions
dill==0.3.7
    # via
    #   datasets
    #   multiprocess
distro==1.9.0
    # via
    #   anthropic
    #   openai
    #   posthog
dnspython==2.7.0
    # via pymongo
docker==7.1.0
    # via -r backend/requirements.txt
docx2txt==0.8
    # via -r backend/requirements.txt
duckduckgo-search==8.0.2
    # via -r backend/requirements.txt
durationpy==0.10
    # via kubernetes
easygui==0.98.3
    # via oletools
ebcdic==1.1.1
    # via extract-msg
ecdsa==0.19.1
    # via python-jose
einops==0.8.1
    # via -r backend/requirements.txt
elastic-transport==8.17.1
    # via elasticsearch
elasticsearch==9.0.1
    # via -r backend/requirements.txt
emoji==2.14.1
    # via unstructured
et-xmlfile==2.0.0
    # via openpyxl
eval-type-backport==0.2.2
    # via unstructured-client
events==0.5
    # via opensearch-py
extract-msg==0.54.1
    # via -r backend/requirements.txt
fake-useragent==2.1.0
    # via -r backend/requirements.txt
fastapi==0.115.7
    # via
    #   -r backend/requirements.txt
    #   chromadb
faster-whisper==1.1.1
    # via -r backend/requirements.txt
filelock==3.18.0
    # via
    #   huggingface-hub
    #   torch
    #   transformers
filetype==1.2.0
    # via unstructured
firecrawl-py==1.12.0
    # via -r backend/requirements.txt
flask==3.1.1
    # via colbert-ai
flatbuffers==25.2.10
    # via onnxruntime
fonttools==4.58.5
    # via fpdf2
fpdf2==2.8.2
    # via -r backend/requirements.txt
frozenlist==1.7.0
    # via
    #   aiohttp
    #   aiosignal
fsspec==2025.5.1
    # via
    #   datasets
    #   huggingface-hub
    #   torch
ftfy==6.2.3
    # via -r backend/requirements.txt
git-python==1.0.3
    # via colbert-ai
gitdb==4.0.12
    # via gitpython
gitpython==3.1.44
    # via git-python
google-ai-generativelanguage==0.6.15
    # via google-generativeai
google-api-core==2.25.1
    # via
    #   google-ai-generativelanguage
    #   google-api-python-client
    #   google-cloud-core
    #   google-cloud-storage
    #   google-generativeai
google-api-python-client==2.175.0
    # via
    #   -r backend/requirements.txt
    #   google-generativeai
google-auth==2.40.3
    # via
    #   google-ai-generativelanguage
    #   google-api-core
    #   google-api-python-client
    #   google-auth-httplib2
    #   google-auth-oauthlib
    #   google-cloud-core
    #   google-cloud-storage
    #   google-genai
    #   google-generativeai
    #   kubernetes
google-auth-httplib2==0.2.0
    # via
    #   -r backend/requirements.txt
    #   google-api-python-client
google-auth-oauthlib==1.2.2
    # via -r backend/requirements.txt
google-cloud-core==2.4.3
    # via google-cloud-storage
google-cloud-storage==2.19.0
    # via -r backend/requirements.txt
google-crc32c==1.7.1
    # via
    #   google-cloud-storage
    #   google-resumable-media
google-genai==1.15.0
    # via -r backend/requirements.txt
google-generativeai==0.8.5
    # via -r backend/requirements.txt
google-resumable-media==2.7.2
    # via google-cloud-storage
googleapis-common-protos==1.63.2
    # via
    #   -r backend/requirements.txt
    #   google-api-core
    #   grpcio-status
    #   opentelemetry-exporter-otlp-proto-grpc
    #   opentelemetry-exporter-otlp-proto-http
greenlet==3.1.1
    # via
    #   playwright
    #   sqlalchemy
grpcio==1.67.1
    # via
    #   chromadb
    #   google-api-core
    #   grpcio-status
    #   grpcio-tools
    #   opentelemetry-exporter-otlp-proto-grpc
    #   pymilvus
    #   qdrant-client
grpcio-status==1.67.1
    # via google-api-core
grpcio-tools==1.67.1
    # via qdrant-client
h11==0.16.0
    # via
    #   httpcore
    #   uvicorn
    #   wsproto
h2==4.2.0
    # via httpx
hpack==4.1.0
    # via h2
html5lib==1.1
    # via unstructured
httpcore==1.0.9
    # via httpx
httplib2==0.22.0
    # via
    #   google-api-python-client
    #   google-auth-httplib2
httptools==0.6.4
    # via uvicorn
httpx==0.28.1
    # via
    #   anthropic
    #   chromadb
    #   google-genai
    #   langfuse
    #   langsmith
    #   openai
    #   qdrant-client
    #   unstructured-client
httpx-sse==0.4.1
    # via langchain-community
huggingface-hub==0.33.2
    # via
    #   accelerate
    #   datasets
    #   faster-whisper
    #   sentence-transformers
    #   tokenizers
    #   transformers
humanfriendly==10.0
    # via coloredlogs
hyperframe==6.1.0
    # via h2
idna==3.10
    # via
    #   anyio
    #   httpx
    #   langfuse
    #   requests
    #   yarl
importlib-metadata==8.6.1
    # via opentelemetry-api
importlib-resources==6.5.2
    # via chromadb
iniconfig==2.1.0
    # via pytest
isodate==0.7.2
    # via
    #   azure-ai-documentintelligence
    #   azure-storage-blob
itsdangerous==2.2.0
    # via flask
jinja2==3.1.6
    # via
    #   flask
    #   torch
jiter==0.10.0
    # via
    #   anthropic
    #   openai
jmespath==1.0.1
    # via
    #   boto3
    #   botocore
joblib==1.5.1
    # via
    #   nltk
    #   scikit-learn
jsonpatch==1.33
    # via langchain-core
jsonpointer==3.0.0
    # via jsonpatch
kubernetes==33.1.0
    # via chromadb
langchain==0.3.24
    # via
    #   -r backend/requirements.txt
    #   langchain-community
langchain-community==0.3.23
    # via -r backend/requirements.txt
langchain-core==0.3.68
    # via
    #   langchain
    #   langchain-community
    #   langchain-text-splitters
langchain-text-splitters==0.3.8
    # via langchain
langdetect==1.0.9
    # via unstructured
langfuse==2.44.0
    # via -r backend/requirements.txt
langsmith==0.3.45
    # via
    #   langchain
    #   langchain-community
    #   langchain-core
lark==1.1.9
    # via rtfde
ldap3==2.9.1
    # via -r backend/requirements.txt
loguru==0.7.3
    # via -r backend/requirements.txt
lxml==6.0.0
    # via
    #   duckduckgo-search
    #   python-pptx
    #   unstructured
mako==1.3.10
    # via alembic
markdown==3.7
    # via
    #   -r backend/requirements.txt
    #   pymdown-extensions
markdown-it-py==3.0.0
    # via rich
markupsafe==3.0.2
    # via
    #   flask
    #   jinja2
    #   mako
    #   werkzeug
marshmallow==3.26.1
    # via dataclasses-json
mdurl==0.1.2
    # via markdown-it-py
mmh3==5.1.0
    # via chromadb
mpmath==1.3.0
    # via sympy
msal==1.32.3
    # via
    #   azure-identity
    #   msal-extensions
msal-extensions==1.3.1
    # via azure-identity
msoffcrypto-tool==5.4.2
    # via oletools
multidict==6.6.3
    # via
    #   aiohttp
    #   yarl
multiprocess==0.70.15
    # via datasets
mypy-extensions==1.1.0
    # via
    #   black
    #   typing-inspect
nest-asyncio==1.6.0
    # via
    #   firecrawl-py
    #   unstructured-client
networkx==3.5
    # via torch
ninja==1.11.1.4
    # via colbert-ai
nltk==3.9.1
    # via
    #   -r backend/requirements.txt
    #   unstructured
numpy==1.26.4
    # via
    #   accelerate
    #   chroma-hnswlib
    #   chromadb
    #   ctranslate2
    #   datasets
    #   langchain-community
    #   onnxruntime
    #   opencv-python
    #   opencv-python-headless
    #   pandas
    #   pgvector
    #   qdrant-client
    #   rank-bm25
    #   rapidocr-onnxruntime
    #   scikit-learn
    #   scipy
    #   shapely
    #   soundfile
    #   transformers
    #   unstructured
oauthlib==3.3.1
    # via
    #   kubernetes
    #   requests-oauthlib
olefile==0.47
    # via
    #   extract-msg
    #   msoffcrypto-tool
    #   oletools
    #   python-oxmsg
oletools==0.60.2
    # via
    #   pcodedmp
    #   rtfde
onnxruntime==1.20.1
    # via
    #   -r backend/requirements.txt
    #   chromadb
    #   faster-whisper
    #   rapidocr-onnxruntime
openai==1.93.0
    # via -r backend/requirements.txt
opencv-python==4.11.0.86
    # via rapidocr-onnxruntime
opencv-python-headless==4.11.0.86
    # via -r backend/requirements.txt
openpyxl==3.1.5
    # via -r backend/requirements.txt
opensearch-py==2.8.0
    # via -r backend/requirements.txt
opentelemetry-api==1.32.1
    # via
    #   -r backend/requirements.txt
    #   chromadb
    #   opentelemetry-exporter-otlp-proto-grpc
    #   opentelemetry-exporter-otlp-proto-http
    #   opentelemetry-instrumentation
    #   opentelemetry-instrumentation-aiohttp-client
    #   opentelemetry-instrumentation-asgi
    #   opentelemetry-instrumentation-fastapi
    #   opentelemetry-instrumentation-httpx
    #   opentelemetry-instrumentation-logging
    #   opentelemetry-instrumentation-redis
    #   opentelemetry-instrumentation-requests
    #   opentelemetry-instrumentation-sqlalchemy
    #   opentelemetry-sdk
    #   opentelemetry-semantic-conventions
opentelemetry-exporter-otlp==1.32.1
    # via -r backend/requirements.txt
opentelemetry-exporter-otlp-proto-common==1.32.1
    # via
    #   opentelemetry-exporter-otlp-proto-grpc
    #   opentelemetry-exporter-otlp-proto-http
opentelemetry-exporter-otlp-proto-grpc==1.32.1
    # via
    #   chromadb
    #   opentelemetry-exporter-otlp
opentelemetry-exporter-otlp-proto-http==1.32.1
    # via opentelemetry-exporter-otlp
opentelemetry-instrumentation==0.53b1
    # via
    #   -r backend/requirements.txt
    #   opentelemetry-instrumentation-aiohttp-client
    #   opentelemetry-instrumentation-asgi
    #   opentelemetry-instrumentation-fastapi
    #   opentelemetry-instrumentation-httpx
    #   opentelemetry-instrumentation-logging
    #   opentelemetry-instrumentation-redis
    #   opentelemetry-instrumentation-requests
    #   opentelemetry-instrumentation-sqlalchemy
opentelemetry-instrumentation-aiohttp-client==0.53b1
    # via -r backend/requirements.txt
opentelemetry-instrumentation-asgi==0.53b1
    # via opentelemetry-instrumentation-fastapi
opentelemetry-instrumentation-fastapi==0.53b1
    # via
    #   -r backend/requirements.txt
    #   chromadb
opentelemetry-instrumentation-httpx==0.53b1
    # via -r backend/requirements.txt
opentelemetry-instrumentation-logging==0.53b1
    # via -r backend/requirements.txt
opentelemetry-instrumentation-redis==0.53b1
    # via -r backend/requirements.txt
opentelemetry-instrumentation-requests==0.53b1
    # via -r backend/requirements.txt
opentelemetry-instrumentation-sqlalchemy==0.53b1
    # via -r backend/requirements.txt
opentelemetry-proto==1.32.1
    # via
    #   opentelemetry-exporter-otlp-proto-common
    #   opentelemetry-exporter-otlp-proto-grpc
    #   opentelemetry-exporter-otlp-proto-http
opentelemetry-sdk==1.32.1
    # via
    #   -r backend/requirements.txt
    #   chromadb
    #   opentelemetry-exporter-otlp-proto-grpc
    #   opentelemetry-exporter-otlp-proto-http
opentelemetry-semantic-conventions==0.53b1
    # via
    #   opentelemetry-instrumentation
    #   opentelemetry-instrumentation-aiohttp-client
    #   opentelemetry-instrumentation-asgi
    #   opentelemetry-instrumentation-fastapi
    #   opentelemetry-instrumentation-httpx
    #   opentelemetry-instrumentation-redis
    #   opentelemetry-instrumentation-requests
    #   opentelemetry-instrumentation-sqlalchemy
    #   opentelemetry-sdk
opentelemetry-util-http==0.53b1
    # via
    #   opentelemetry-instrumentation-aiohttp-client
    #   opentelemetry-instrumentation-asgi
    #   opentelemetry-instrumentation-fastapi
    #   opentelemetry-instrumentation-httpx
    #   opentelemetry-instrumentation-requests
orjson==3.10.18
    # via
    #   chromadb
    #   langsmith
overrides==7.7.0
    # via chromadb
packaging==23.2
    # via
    #   accelerate
    #   black
    #   build
    #   datasets
    #   huggingface-hub
    #   langchain-core
    #   langfuse
    #   langsmith
    #   marshmallow
    #   onnxruntime
    #   opentelemetry-instrumentation
    #   opentelemetry-instrumentation-sqlalchemy
    #   pytest
    #   transformers
pandas==2.2.3
    # via
    #   -r backend/requirements.txt
    #   datasets
    #   pymilvus
passlib==1.7.4
    # via -r backend/requirements.txt
pathspec==0.12.1
    # via black
pcodedmp==1.2.6
    # via oletools
peewee==3.18.1
    # via
    #   -r backend/requirements.txt
    #   peewee-migrate
peewee-migrate==1.12.2
    # via -r backend/requirements.txt
pgvector==0.4.0
    # via -r backend/requirements.txt
pillow==11.2.1
    # via
    #   -r backend/requirements.txt
    #   fpdf2
    #   python-pptx
    #   rapidocr-onnxruntime
    #   sentence-transformers
pinecone==6.0.2
    # via -r backend/requirements.txt
pinecone-plugin-interface==0.0.7
    # via pinecone
platformdirs==4.3.8
    # via black
playwright==1.49.1
    # via -r backend/requirements.txt
pluggy==1.6.0
    # via pytest
portalocker==2.10.1
    # via qdrant-client
posthog==6.0.3
    # via chromadb
primp==0.15.0
    # via duckduckgo-search
propcache==0.3.2
    # via
    #   aiohttp
    #   yarl
proto-plus==1.26.1
    # via
    #   google-ai-generativelanguage
    #   google-api-core
protobuf==5.29.5
    # via
    #   google-ai-generativelanguage
    #   google-api-core
    #   google-generativeai
    #   googleapis-common-protos
    #   grpcio-status
    #   grpcio-tools
    #   onnxruntime
    #   opentelemetry-proto
    #   proto-plus
    #   pymilvus
psutil==7.0.0
    # via
    #   -r backend/requirements.txt
    #   accelerate
    #   unstructured
psycopg2-binary==2.9.9
    # via -r backend/requirements.txt
pyarrow==20.0.0
    # via datasets
pyasn1==0.4.8
    # via
    #   ldap3
    #   pyasn1-modules
    #   python-jose
    #   rsa
pyasn1-modules==0.4.1
    # via google-auth
pyclipper==1.3.0.post6
    # via rapidocr-onnxruntime
pycparser==2.22
    # via cffi
pydantic==2.10.6
    # via
    #   -r backend/requirements.txt
    #   anthropic
    #   chromadb
    #   fastapi
    #   firecrawl-py
    #   google-genai
    #   google-generativeai
    #   langchain
    #   langchain-core
    #   langfuse
    #   langsmith
    #   openai
    #   pydantic-settings
    #   qdrant-client
    #   unstructured-client
pydantic-core==2.27.2
    # via pydantic
pydantic-settings==2.10.1
    # via langchain-community
pydub==0.25.1
    # via -r backend/requirements.txt
pyee==12.0.0
    # via playwright
pygments==2.19.2
    # via rich
pyjwt==2.10.1
    # via
    #   -r backend/requirements.txt
    #   msal
pymdown-extensions==10.14.2
    # via -r backend/requirements.txt
pymilvus==2.5.0
    # via -r backend/requirements.txt
pymongo==4.13.2
    # via -r backend/requirements.txt
pymysql==1.1.1
    # via -r backend/requirements.txt
pypandoc==1.15
    # via -r backend/requirements.txt
pyparsing==3.2.3
    # via
    #   httplib2
    #   oletools
pypdf==4.3.1
    # via
    #   -r backend/requirements.txt
    #   unstructured-client
pypika==0.48.9
    # via chromadb
pyproject-hooks==1.2.0
    # via build
pyreadline3==3.5.4
    # via humanfriendly
pytest==8.3.5
    # via
    #   -r backend/requirements.txt
    #   pytest-docker
pytest-docker==3.1.2
    # via -r backend/requirements.txt
python-dateutil==2.9.0.post0
    # via
    #   botocore
    #   elasticsearch
    #   kubernetes
    #   opensearch-py
    #   pandas
    #   pinecone
    #   posthog
    #   unstructured-client
python-dotenv==1.1.1
    # via
    #   colbert-ai
    #   firecrawl-py
    #   pydantic-settings
    #   pymilvus
    #   uvicorn
python-engineio==4.12.2
    # via python-socketio
python-iso639==2025.2.18
    # via unstructured
python-jose==3.4.0
    # via -r backend/requirements.txt
python-magic==0.4.27
    # via unstructured
python-multipart==0.0.20
    # via -r backend/requirements.txt
python-oxmsg==0.0.2
    # via unstructured
python-pptx==1.0.2
    # via -r backend/requirements.txt
python-socketio==5.13.0
    # via -r backend/requirements.txt
pytube==15.0.0
    # via -r backend/requirements.txt
pytz==2025.2
    # via
    #   apscheduler
    #   pandas
pywin32==310
    # via
    #   docker
    #   portalocker
pyxlsb==1.0.10
    # via -r backend/requirements.txt
pyyaml==6.0.2
    # via
    #   accelerate
    #   chromadb
    #   ctranslate2
    #   datasets
    #   huggingface-hub
    #   kubernetes
    #   langchain
    #   langchain-community
    #   langchain-core
    #   pymdown-extensions
    #   rapidocr-onnxruntime
    #   transformers
    #   uvicorn
qdrant-client==1.12.2
    # via -r backend/requirements.txt
rank-bm25==0.2.2
    # via -r backend/requirements.txt
rapidfuzz==3.13.0
    # via unstructured
rapidocr-onnxruntime==1.4.4
    # via -r backend/requirements.txt
red-black-tree-mod==1.22
    # via extract-msg
redis==6.2.0
    # via -r backend/requirements.txt
regex==2024.11.6
    # via
    #   nltk
    #   tiktoken
    #   transformers
requests==2.32.4
    # via
    #   -r backend/requirements.txt
    #   azure-core
    #   datasets
    #   docker
    #   firecrawl-py
    #   google-api-core
    #   google-cloud-storage
    #   google-genai
    #   huggingface-hub
    #   kubernetes
    #   langchain
    #   langchain-community
    #   langsmith
    #   msal
    #   opensearch-py
    #   opentelemetry-exporter-otlp-proto-http
    #   posthog
    #   requests-oauthlib
    #   requests-toolbelt
    #   tencentcloud-sdk-python
    #   tiktoken
    #   transformers
    #   unstructured
    #   youtube-transcript-api
requests-oauthlib==2.0.0
    # via
    #   google-auth-oauthlib
    #   kubernetes
requests-toolbelt==1.0.0
    # via
    #   langsmith
    #   unstructured-client
restrictedpython==8.0
    # via -r backend/requirements.txt
rich==14.0.0
    # via
    #   chromadb
    #   typer
rsa==4.9.1
    # via
    #   google-auth
    #   python-jose
rtfde==0.1.2.1
    # via extract-msg
s3transfer==0.10.4
    # via boto3
safetensors==0.5.3
    # via
    #   accelerate
    #   transformers
scikit-learn==1.7.0
    # via sentence-transformers
scipy==1.16.0
    # via
    #   colbert-ai
    #   scikit-learn
    #   sentence-transformers
sentence-transformers==4.1.0
    # via -r backend/requirements.txt
sentencepiece==0.2.0
    # via -r backend/requirements.txt
setuptools==80.9.0
    # via
    #   ctranslate2
    #   grpcio-tools
    #   pymilvus
shapely==2.1.1
    # via rapidocr-onnxruntime
shellingham==1.5.4
    # via typer
simple-websocket==1.1.0
    # via python-engineio
six==1.17.0
    # via
    #   apscheduler
    #   azure-core
    #   ecdsa
    #   html5lib
    #   kubernetes
    #   langdetect
    #   posthog
    #   python-dateutil
    #   rapidocr-onnxruntime
smmap==5.0.2
    # via gitdb
sniffio==1.3.1
    # via
    #   anthropic
    #   anyio
    #   openai
soundfile==0.13.1
    # via -r backend/requirements.txt
soupsieve==2.7
    # via beautifulsoup4
sqlalchemy==2.0.38
    # via
    #   -r backend/requirements.txt
    #   alembic
    #   langchain
    #   langchain-community
starlette==0.45.3
    # via
    #   fastapi
    #   starlette-compress
starlette-compress==1.6.0
    # via -r backend/requirements.txt
sympy==1.14.0
    # via
    #   onnxruntime
    #   torch
tenacity==9.1.2
    # via
    #   chromadb
    #   langchain-community
    #   langchain-core
tencentcloud-sdk-python==3.0.1336
    # via -r backend/requirements.txt
threadpoolctl==3.6.0
    # via scikit-learn
tiktoken==0.9.0
    # via -r backend/requirements.txt
tokenizers==0.21.2
    # via
    #   chromadb
    #   faster-whisper
    #   transformers
torch==2.7.1
    # via
    #   accelerate
    #   sentence-transformers
tqdm==4.67.1
    # via
    #   chromadb
    #   colbert-ai
    #   datasets
    #   faster-whisper
    #   google-generativeai
    #   huggingface-hub
    #   nltk
    #   openai
    #   rapidocr-onnxruntime
    #   sentence-transformers
    #   transformers
    #   unstructured
transformers==4.53.1
    # via
    #   -r backend/requirements.txt
    #   colbert-ai
    #   sentence-transformers
typer==0.16.0
    # via chromadb
typing-extensions==4.14.1
    # via
    #   aiosignal
    #   alembic
    #   anthropic
    #   anyio
    #   azure-ai-documentintelligence
    #   azure-core
    #   azure-identity
    #   azure-storage-blob
    #   beautifulsoup4
    #   chromadb
    #   elasticsearch
    #   fastapi
    #   google-genai
    #   google-generativeai
    #   huggingface-hub
    #   langchain-core
    #   openai
    #   opentelemetry-sdk
    #   pinecone
    #   posthog
    #   pydantic
    #   pydantic-core
    #   pyee
    #   python-oxmsg
    #   python-pptx
    #   sentence-transformers
    #   sqlalchemy
    #   torch
    #   typer
    #   typing-inspect
    #   typing-inspection
    #   unstructured
typing-inspect==0.9.0
    # via dataclasses-json
typing-inspection==0.4.1
    # via
    #   pydantic-settings
    #   unstructured-client
tzdata==2025.2
    # via
    #   pandas
    #   tzlocal
tzlocal==5.3.1
    # via
    #   apscheduler
    #   extract-msg
ujson==5.10.0
    # via
    #   colbert-ai
    #   pymilvus
unstructured==0.16.17
    # via -r backend/requirements.txt
unstructured-client==0.32.3
    # via unstructured
uritemplate==4.2.0
    # via google-api-python-client
urllib3==2.5.0
    # via
    #   botocore
    #   docker
    #   elastic-transport
    #   kubernetes
    #   opensearch-py
    #   pinecone
    #   qdrant-client
    #   requests
uvicorn==0.34.2
    # via
    #   -r backend/requirements.txt
    #   chromadb
validators==0.35.0
    # via -r backend/requirements.txt
watchfiles==1.1.0
    # via uvicorn
wcwidth==0.2.13
    # via ftfy
webencodings==0.5.1
    # via html5lib
websocket-client==1.8.0
    # via kubernetes
websockets==15.0.1
    # via
    #   firecrawl-py
    #   google-genai
    #   uvicorn
werkzeug==3.1.3
    # via flask
win-unicode-console==0.5
    # via pcodedmp
win32-setctime==1.2.0
    # via loguru
wrapt==1.17.2
    # via
    #   deprecated
    #   langfuse
    #   opentelemetry-instrumentation
    #   opentelemetry-instrumentation-aiohttp-client
    #   opentelemetry-instrumentation-httpx
    #   opentelemetry-instrumentation-redis
    #   opentelemetry-instrumentation-sqlalchemy
    #   unstructured
wsproto==1.2.0
    # via simple-websocket
xlrd==2.0.1
    # via -r backend/requirements.txt
xlsxwriter==3.2.5
    # via python-pptx
xxhash==3.5.0
    # via datasets
yarl==1.20.1
    # via aiohttp
youtube-transcript-api==1.1.0
    # via -r backend/requirements.txt
zipp==3.23.0
    # via importlib-metadata
zstandard==0.23.0
    # via
    #   langsmith
    #   starlette-compress
